<?xml version="1.0" encoding="utf-8"?>
<Project ToolsVersion="4.0" xmlns="http://schemas.microsoft.com/developer/msbuild/2003">
  <ItemGroup>
    <Filter Include="Source Files">
      <UniqueIdentifier>{4FC737F1-C7A5-4376-A066-2A32D752A2FF}</UniqueIdentifier>
      <Extensions>cpp;c;cc;cxx;def;odl;idl;hpj;bat;asm;asmx</Extensions>
    </Filter>
    <Filter Include="Header Files">
      <UniqueIdentifier>{93995380-89BD-4b04-88EB-625FBE52EBFB}</UniqueIdentifier>
      <Extensions>h;hpp;hxx;hm;inl;inc;xsd</Extensions>
    </Filter>
    <Filter Include="Resource Files">
      <UniqueIdentifier>{67DA6AB6-F800-4c08-8B7A-83BB121AAD01}</UniqueIdentifier>
      <Extensions>rc;ico;cur;bmp;dlg;rc2;rct;bin;rgs;gif;jpg;jpeg;jpe;resx;tiff;tif;png;wav</Extensions>
    </Filter>
  </ItemGroup>
  <ItemGroup>
    <ClInclude Include="src\readline\rltypedefs.h">
      <Filter>Header Files</Filter>
    </ClInclude>
    <ClInclude Include="src\readline\rlwinsize.h">
      <Filter>Header Files</Filter>
    </ClInclude>
    <ClInclude Include="src\readline\tcap.h">
      <Filter>Header Files</Filter>
    </ClInclude>
    <ClInclude Include="src\readline\tilde.h">
      <Filter>Header Files</Filter>
    </ClInclude>
    <ClInclude Include="src\readline\xmalloc.h">
      <Filter>Header Files</Filter>
    </ClInclude>
    <ClInclude Include="src\readline\ansi_stdlib.h">
      <Filter>Header Files</Filter>
    </ClInclude>
    <ClInclude Include="src\readline\chardefs.h">
      <Filter>Header Files</Filter>
    </ClInclude>
    <ClInclude Include="src\readline\histlib.h">
      <Filter>Header Files</Filter>
    </ClInclude>
    <ClInclude Include="src\readline\history.h">
      <Filter>Header Files</Filter>
    </ClInclude>
    <ClInclude Include="src\readline\keymaps.h">
      <Filter>Header Files</Filter>
    </ClInclude>
    <ClInclude Include="src\readline\posixdir.h">
      <Filter>Header Files</Filter>
    </ClInclude>
    <ClInclude Include="src\readline\posixjmp.h">
      <Filter>Header Files</Filter>
    </ClInclude>
    <ClInclude Include="src\readline\posixstat.h">
      <Filter>Header Files</Filter>
    </ClInclude>
    <ClInclude Include="src\readline\readline.h">
      <Filter>Header Files</Filter>
    </ClInclude>
    <ClInclude Include="src\readline\rlconf.h">
      <Filter>Header Files</Filter>
    </ClInclude>
    <ClInclude Include="src\readline\rldefs.h">
      <Filter>Header Files</Filter>
    </ClInclude>
    <ClInclude Include="src\readline\rlmbutil.h">
      <Filter>Header Files</Filter>
    </ClInclude>
    <ClInclude Include="src\readline\rlprivate.h">
      <Filter>Header Files</Filter>
    </ClInclude>
    <ClInclude Include="src\readline\rlshell.h">
      <Filter>Header Files</Filter>
    </ClInclude>
    <ClInclude Include="src\readline\rlstdc.h">
      <Filter>Header Files</Filter>
    </ClInclude>
    <ClInclude Include="src\readline\rltty.h">
      <Filter>Header Files</Filter>
    </ClInclude>
  </ItemGroup>
  <ItemGroup>
    <ClCompile Include="src\readline\savestring.c">
      <Filter>Source Files</Filter>
    </ClCompile>
    <ClCompile Include="src\readline\search.c">
      <Filter>Source Files</Filter>
    </ClCompile>
    <ClCompile Include="src\readline\shell.c">
      <Filter>Source Files</Filter>
    </ClCompile>
    <ClCompile Include="src\readline\signals.c">
      <Filter>Source Files</Filter>
    </ClCompile>
    <ClCompile Include="src\readline\terminal.c">
      <Filter>Source Files</Filter>
    </ClCompile>
    <ClCompile Include="src\readline\text.c">
      <Filter>Source Files</Filter>
    </ClCompile>
    <ClCompile Include="src\readline\tilde.c">
      <Filter>Source Files</Filter>
    </ClCompile>
    <ClCompile Include="src\readline\undo.c">
      <Filter>Source Files</Filter>
    </ClCompile>
    <ClCompile Include="src\readline\util.c">
      <Filter>Source Files</Filter>
    </ClCompile>
    <ClCompile Include="src\readline\vi_keymap.c">
      <Filter>Source Files</Filter>
    </ClCompile>
    <ClCompile Include="src\readline\vi_mode.c">
      <Filter>Source Files</Filter>
    </ClCompile>
    <ClCompile Include="src\readline\xmalloc.c">
      <Filter>Source Files</Filter>
    </ClCompile>
    <ClCompile Include="src\readline\bind.c">
      <Filter>Source Files</Filter>
    </ClCompile>
    <ClCompile Include="src\readline\callback.c">
      <Filter>Source Files</Filter>
    </ClCompile>
    <ClCompile Include="src\readline\compat.c">
      <Filter>Source Files</Filter>
    </ClCompile>
    <ClCompile Include="src\readline\complete.c">
      <Filter>Source Files</Filter>
    </ClCompile>
    <ClCompile Include="src\readline\display.c">
      <Filter>Source Files</Filter>
    </ClCompile>
    <ClCompile Include="src\readline\emacs_keymap.c">
      <Filter>Source Files</Filter>
    </ClCompile>
    <ClCompile Include="src\readline\funmap.c">
      <Filter>Source Files</Filter>
    </ClCompile>
    <ClCompile Include="src\readline\histexpand.c">
      <Filter>Source Files</Filter>
    </ClCompile>
    <ClCompile Include="src\readline\histfile.c">
      <Filter>Source Files</Filter>
    </ClCompile>
    <ClCompile Include="src\readline\history.c">
      <Filter>Source Files</Filter>
    </ClCompile>
    <ClCompile Include="src\readline\histsearch.c">
      <Filter>Source Files</Filter>
    </ClCompile>
    <ClCompile Include="src\readline\input.c">
      <Filter>Source Files</Filter>
    </ClCompile>
    <ClCompile Include="src\readline\isearch.c">
      <Filter>Source Files</Filter>
    </ClCompile>
    <ClCompile Include="src\readline\keymaps.c">
      <Filter>Source Files</Filter>
    </ClCompile>
    <ClCompile Include="src\readline\kill.c">
      <Filter>Source Files</Filter>
    </ClCompile>
    <ClCompile Include="src\readline\macro.c">
      <Filter>Source Files</Filter>
    </ClCompile>
    <ClCompile Include="src\readline\mbutil.c">
      <Filter>Source Files</Filter>
    </ClCompile>
    <ClCompile Include="src\readline\misc.c">
      <Filter>Source Files</Filter>
    </ClCompile>
    <ClCompile Include="src\readline\nls.c">
      <Filter>Source Files</Filter>
    </ClCompile>
    <ClCompile Include="src\readline\parens.c">
      <Filter>Source Files</Filter>
    </ClCompile>
    <ClCompile Include="src\readline\readline.c">
      <Filter>Source Files</Filter>
    </ClCompile>
    <ClCompile Include="src\readline\rltty.c">
      <Filter>Source Files</Filter>
    </ClCompile>
  </ItemGroup>
</Project>