<?xml version="1.0" encoding="utf-8"?>
<Project ToolsVersion="4.0" xmlns="http://schemas.microsoft.com/developer/msbuild/2003">
  <ItemGroup>
    <Filter Include="Source Files">
      <UniqueIdentifier>{4FC737F1-C7A5-4376-A066-2A32D752A2FF}</UniqueIdentifier>
      <Extensions>cpp;c;cc;cxx;def;odl;idl;hpj;bat;asm;asmx</Extensions>
    </Filter>
    <Filter Include="Header Files">
      <UniqueIdentifier>{93995380-89BD-4b04-88EB-625FBE52EBFB}</UniqueIdentifier>
      <Extensions>h;hpp;hxx;hm;inl;inc;xsd</Extensions>
    </Filter>
    <Filter Include="Resource Files">
      <UniqueIdentifier>{67DA6AB6-F800-4c08-8B7A-83BB121AAD01}</UniqueIdentifier>
      <Extensions>rc;ico;cur;bmp;dlg;rc2;rct;bin;rgs;gif;jpg;jpeg;jpe;resx;tiff;tif;png;wav;mfcribbon-ms</Extensions>
    </Filter>
    <Filter Include="Header Files\windows">
      <UniqueIdentifier>{22791c14-7c07-4222-ad58-8c18d3fb10ba}</UniqueIdentifier>
    </Filter>
    <Filter Include="Header Files\windows\VC10">
      <UniqueIdentifier>{bfddc99f-05d4-4f06-98d1-346b1be73d6f}</UniqueIdentifier>
    </Filter>
  </ItemGroup>
  <ItemGroup>
    <ClCompile Include="src\xmlsave.c">
      <Filter>Source Files</Filter>
    </ClCompile>
    <ClCompile Include="src\xmlschemas.c">
      <Filter>Source Files</Filter>
    </ClCompile>
    <ClCompile Include="src\xmlschemastypes.c">
      <Filter>Source Files</Filter>
    </ClCompile>
    <ClCompile Include="src\xmlstring.c">
      <Filter>Source Files</Filter>
    </ClCompile>
    <ClCompile Include="src\xmlunicode.c">
      <Filter>Source Files</Filter>
    </ClCompile>
    <ClCompile Include="src\xmlwriter.c">
      <Filter>Source Files</Filter>
    </ClCompile>
    <ClCompile Include="src\xpath.c">
      <Filter>Source Files</Filter>
    </ClCompile>
    <ClCompile Include="src\xpointer.c">
      <Filter>Source Files</Filter>
    </ClCompile>
    <ClCompile Include="src\buf.c">
      <Filter>Source Files</Filter>
    </ClCompile>
    <ClCompile Include="src\c14n.c">
      <Filter>Source Files</Filter>
    </ClCompile>
    <ClCompile Include="src\catalog.c">
      <Filter>Source Files</Filter>
    </ClCompile>
    <ClCompile Include="src\chvalid.c">
      <Filter>Source Files</Filter>
    </ClCompile>
    <ClCompile Include="src\debugXML.c">
      <Filter>Source Files</Filter>
    </ClCompile>
    <ClCompile Include="src\dict.c">
      <Filter>Source Files</Filter>
    </ClCompile>
    <ClCompile Include="src\DOCBparser.c">
      <Filter>Source Files</Filter>
    </ClCompile>
    <ClCompile Include="src\encoding.c">
      <Filter>Source Files</Filter>
    </ClCompile>
    <ClCompile Include="src\entities.c">
      <Filter>Source Files</Filter>
    </ClCompile>
    <ClCompile Include="src\error.c">
      <Filter>Source Files</Filter>
    </ClCompile>
    <ClCompile Include="src\globals.c">
      <Filter>Source Files</Filter>
    </ClCompile>
    <ClCompile Include="src\hash.c">
      <Filter>Source Files</Filter>
    </ClCompile>
    <ClCompile Include="src\HTMLparser.c">
      <Filter>Source Files</Filter>
    </ClCompile>
    <ClCompile Include="src\HTMLtree.c">
      <Filter>Source Files</Filter>
    </ClCompile>
    <ClCompile Include="src\legacy.c">
      <Filter>Source Files</Filter>
    </ClCompile>
    <ClCompile Include="src\list.c">
      <Filter>Source Files</Filter>
    </ClCompile>
    <ClCompile Include="src\nanoftp.c">
      <Filter>Source Files</Filter>
    </ClCompile>
    <ClCompile Include="src\nanohttp.c">
      <Filter>Source Files</Filter>
    </ClCompile>
    <ClCompile Include="src\parser.c">
      <Filter>Source Files</Filter>
    </ClCompile>
    <ClCompile Include="src\parserInternals.c">
      <Filter>Source Files</Filter>
    </ClCompile>
    <ClCompile Include="src\pattern.c">
      <Filter>Source Files</Filter>
    </ClCompile>
    <ClCompile Include="src\relaxng.c">
      <Filter>Source Files</Filter>
    </ClCompile>
    <ClCompile Include="src\SAX.c">
      <Filter>Source Files</Filter>
    </ClCompile>
    <ClCompile Include="src\SAX2.c">
      <Filter>Source Files</Filter>
    </ClCompile>
    <ClCompile Include="src\schematron.c">
      <Filter>Source Files</Filter>
    </ClCompile>
    <ClCompile Include="src\threads.c">
      <Filter>Source Files</Filter>
    </ClCompile>
    <ClCompile Include="src\tree.c">
      <Filter>Source Files</Filter>
    </ClCompile>
    <ClCompile Include="src\uri.c">
      <Filter>Source Files</Filter>
    </ClCompile>
    <ClCompile Include="src\valid.c">
      <Filter>Source Files</Filter>
    </ClCompile>
    <ClCompile Include="src\xinclude.c">
      <Filter>Source Files</Filter>
    </ClCompile>
    <ClCompile Include="src\xlink.c">
      <Filter>Source Files</Filter>
    </ClCompile>
    <ClCompile Include="src\xmlcatalog.c">
      <Filter>Source Files</Filter>
    </ClCompile>
    <ClCompile Include="src\xmlIO.c">
      <Filter>Source Files</Filter>
    </ClCompile>
    <ClCompile Include="src\xmlmemory.c">
      <Filter>Source Files</Filter>
    </ClCompile>
    <ClCompile Include="src\xmlmodule.c">
      <Filter>Source Files</Filter>
    </ClCompile>
    <ClCompile Include="src\xmlreader.c">
      <Filter>Source Files</Filter>
    </ClCompile>
    <ClCompile Include="src\xmlregexp.c">
      <Filter>Source Files</Filter>
    </ClCompile>
  </ItemGroup>
  <ItemGroup>
    <ClInclude Include="config.h">
      <Filter>Header Files\windows\VC10</Filter>
    </ClInclude>
    <ClInclude Include="..\..\acconfig.h">
      <Filter>Header Files</Filter>
    </ClInclude>
    <ClInclude Include="include\libxml.h">
      <Filter>Header Files</Filter>
    </ClInclude>
    <ClInclude Include="src\elfgcchack.h">
      <Filter>Header Files</Filter>
    </ClInclude>
  </ItemGroup>
</Project>